
Microsoft Visual Studio Solution File, Format Version 12.00
# Visual Studio Version 17
VisualStudioVersion = 17.3.32819.101
MinimumVisualStudioVersion = 10.0.40219.1
Project("{FAE04EC0-301F-11D3-BF4B-00C04F79EFBC}") = "Ardiente-Activity10", "Ardiente-Activity10\Ardiente-Activity10.csproj", "{AA313F6A-16E8-4DFF-8558-8FA4AE0AB037}"
EndProject
Global
	GlobalSection(SolutionConfigurationPlatforms) = preSolution
		Debug|Any CPU = Debug|Any CPU
		Release|Any CPU = Release|Any CPU
	EndGlobalSection
	GlobalSection(ProjectConfigurationPlatforms) = postSolution
		{AA313F6A-16E8-4DFF-8558-8FA4AE0AB037}.Debug|Any CPU.ActiveCfg = Debug|Any CPU
		{AA313F6A-16E8-4DFF-8558-8FA4AE0AB037}.Debug|Any CPU.Build.0 = Debug|Any CPU
		{AA313F6A-16E8-4DFF-8558-8FA4AE0AB037}.Release|Any CPU.ActiveCfg = Release|Any CPU
		{AA313F6A-16E8-4DFF-8558-8FA4AE0AB037}.Release|Any CPU.Build.0 = Release|Any CPU
	EndGlobalSection
	GlobalSection(SolutionProperties) = preSolution
		HideSolutionNode = FALSE
	EndGlobalSection
	GlobalSection(ExtensibilityGlobals) = postSolution
		SolutionGuid = {A8F5945D-1C1B-4E38-8940-950BC0B87388}
	EndGlobalSection
EndGlobal
